
Microsoft Visual Studio Solution File, Format Version 12.00
# Visual Studio 15
VisualStudioVersion = 15.0.28307.1433
MinimumVisualStudioVersion = 10.0.40219.1
Project("{FAE04EC0-301F-11D3-BF4B-00C04F79EFBC}") = "hw3", "hw3\hw3.csproj", "{67B5CDE6-8463-4B71-B026-4A024DFFBE23}"
EndProject
Global
	GlobalSection(SolutionConfigurationPlatforms) = preSolution
		Debug|Any CPU = Debug|Any CPU
		Release|Any CPU = Release|Any CPU
	EndGlobalSection
	GlobalSection(ProjectConfigurationPlatforms) = postSolution
		{67B5CDE6-8463-4B71-B026-4A024DFFBE23}.Debug|Any CPU.ActiveCfg = Debug|Any CPU
		{67B5CDE6-8463-4B71-B026-4A024DFFBE23}.Debug|Any CPU.Build.0 = Debug|Any CPU
		{67B5CDE6-8463-4B71-B026-4A024DFFBE23}.Release|Any CPU.ActiveCfg = Release|Any CPU
		{67B5CDE6-8463-4B71-B026-4A024DFFBE23}.Release|Any CPU.Build.0 = Release|Any CPU
	EndGlobalSection
	GlobalSection(SolutionProperties) = preSolution
		HideSolutionNode = FALSE
	EndGlobalSection
	GlobalSection(ExtensibilityGlobals) = postSolution
		SolutionGuid = {732D35C6-8BEF-4636-8EA8-30D9F30AF5A1}
	EndGlobalSection
EndGlobal
